github.com/golang/protobuf v1.3.4 h1:87PNWwrRvUSnqS4dlcBU/ftvOIBep4sYuBLlh6rX2wk=
github.com/golang/protobuf v1.3.4/go.mod h1:vzj43D7+SQXF/4pzW/hwtAqwc6iTitCiVSaWz5lYuqw=
github.com/pebbe/zmq4 v1.2.0 h1:SMCj4kvOpBvM97uWlv7QSlwjpCpYOXdiK8piMjGmzOs=
github.com/pebbe/zmq4 v1.2.0/go.mod h1:7N4y5R18zBiu3l0vajMUWQgZyjv464prE8RCyBcmnZM=
